
Microsoft Visual Studio Solution File, Format Version 12.00
# Visual Studio Version 17
VisualStudioVersion = 17.9.34723.18
MinimumVisualStudioVersion = 10.0.40219.1
Project("{9A19103F-16F7-4668-BE54-9A1E7A4F7556}") = "HechoaMano.Domain", "HechoaMano.Domain\HechoaMano.Domain.csproj", "{B7C16EF3-5DD6-4612-ABCA-ADB3CA8D2D93}"
EndProject
Project("{9A19103F-16F7-4668-BE54-9A1E7A4F7556}") = "HechoaMano.Application", "HechoaMano.Application\HechoaMano.Application.csproj", "{178A0011-6A44-4A06-8DF9-5612821869AD}"
EndProject
Project("{9A19103F-16F7-4668-BE54-9A1E7A4F7556}") = "HechoaMano.Infrastructure", "HechoaMano.Infrastructure\HechoaMano.Infrastructure.csproj", "{2BF7C3A1-7EF3-4936-9840-3CF78579FFC0}"
EndProject
Project("{9A19103F-16F7-4668-BE54-9A1E7A4F7556}") = "HechoaMano.API", "HechoaMano.API\HechoaMano.API.csproj", "{159F8B41-A941-435F-9264-E54E6E6D847C}"
EndProject
Project("{2150E333-8FDC-42A3-9474-1A3956D46DE8}") = "Solution Items", "Solution Items", "{BEBCBA30-2798-4538-AB1B-27DD26C6D9D4}"
	ProjectSection(SolutionItems) = preProject
		..\.github\workflows\apihechoamano.yml = ..\.github\workflows\apihechoamano.yml
	EndProjectSection
EndProject
Global
	GlobalSection(SolutionConfigurationPlatforms) = preSolution
		Debug|Any CPU = Debug|Any CPU
		Release|Any CPU = Release|Any CPU
	EndGlobalSection
	GlobalSection(ProjectConfigurationPlatforms) = postSolution
		{B7C16EF3-5DD6-4612-ABCA-ADB3CA8D2D93}.Debug|Any CPU.ActiveCfg = Debug|Any CPU
		{B7C16EF3-5DD6-4612-ABCA-ADB3CA8D2D93}.Debug|Any CPU.Build.0 = Debug|Any CPU
		{B7C16EF3-5DD6-4612-ABCA-ADB3CA8D2D93}.Release|Any CPU.ActiveCfg = Release|Any CPU
		{B7C16EF3-5DD6-4612-ABCA-ADB3CA8D2D93}.Release|Any CPU.Build.0 = Release|Any CPU
		{178A0011-6A44-4A06-8DF9-5612821869AD}.Debug|Any CPU.ActiveCfg = Debug|Any CPU
		{178A0011-6A44-4A06-8DF9-5612821869AD}.Debug|Any CPU.Build.0 = Debug|Any CPU
		{178A0011-6A44-4A06-8DF9-5612821869AD}.Release|Any CPU.ActiveCfg = Release|Any CPU
		{178A0011-6A44-4A06-8DF9-5612821869AD}.Release|Any CPU.Build.0 = Release|Any CPU
		{2BF7C3A1-7EF3-4936-9840-3CF78579FFC0}.Debug|Any CPU.ActiveCfg = Debug|Any CPU
		{2BF7C3A1-7EF3-4936-9840-3CF78579FFC0}.Debug|Any CPU.Build.0 = Debug|Any CPU
		{2BF7C3A1-7EF3-4936-9840-3CF78579FFC0}.Release|Any CPU.ActiveCfg = Release|Any CPU
		{2BF7C3A1-7EF3-4936-9840-3CF78579FFC0}.Release|Any CPU.Build.0 = Release|Any CPU
		{159F8B41-A941-435F-9264-E54E6E6D847C}.Debug|Any CPU.ActiveCfg = Debug|Any CPU
		{159F8B41-A941-435F-9264-E54E6E6D847C}.Debug|Any CPU.Build.0 = Debug|Any CPU
		{159F8B41-A941-435F-9264-E54E6E6D847C}.Release|Any CPU.ActiveCfg = Release|Any CPU
		{159F8B41-A941-435F-9264-E54E6E6D847C}.Release|Any CPU.Build.0 = Release|Any CPU
	EndGlobalSection
	GlobalSection(SolutionProperties) = preSolution
		HideSolutionNode = FALSE
	EndGlobalSection
	GlobalSection(ExtensibilityGlobals) = postSolution
		SolutionGuid = {965B471B-DA99-4F68-B8F2-E7E11572D872}
	EndGlobalSection
EndGlobal
